
Microsoft Visual Studio Solution File, Format Version 12.00
# Visual Studio Version 17
VisualStudioVersion = 17.8.34330.188
MinimumVisualStudioVersion = 10.0.40219.1
Project("{FAE04EC0-301F-11D3-BF4B-00C04F79EFBC}") = "Demo", "Demo.csproj", "{DA112972-CBD6-4E2E-A429-3295F81A9946}"
EndProject
Global
	GlobalSection(SolutionConfigurationPlatforms) = preSolution
		Debug|Any CPU = Debug|Any CPU
		Release|Any CPU = Release|Any CPU
	EndGlobalSection
	GlobalSection(ProjectConfigurationPlatforms) = postSolution
		{DA112972-CBD6-4E2E-A429-3295F81A9946}.Debug|Any CPU.ActiveCfg = Debug|Any CPU
		{DA112972-CBD6-4E2E-A429-3295F81A9946}.Debug|Any CPU.Build.0 = Debug|Any CPU
		{DA112972-CBD6-4E2E-A429-3295F81A9946}.Release|Any CPU.ActiveCfg = Release|Any CPU
		{DA112972-CBD6-4E2E-A429-3295F81A9946}.Release|Any CPU.Build.0 = Release|Any CPU
	EndGlobalSection
	GlobalSection(SolutionProperties) = preSolution
		HideSolutionNode = FALSE
	EndGlobalSection
	GlobalSection(ExtensibilityGlobals) = postSolution
		SolutionGuid = {5F009678-C806-4AAA-B597-17E874BDBFEC}
	EndGlobalSection
EndGlobal
